
Microsoft Visual Studio Solution File, Format Version 12.00
# Visual Studio Version 16
VisualStudioVersion = 16.0.30621.155
MinimumVisualStudioVersion = 10.0.40219.1
Project("{9A19103F-16F7-4668-BE54-9A1E7A4F7556}") = "MedDir.API", "MedDir.API\MedDir.API.csproj", "{A36032A3-847D-4A01-8E45-9F4684D6D72E}"
EndProject
Project("{9A19103F-16F7-4668-BE54-9A1E7A4F7556}") = "MedDir.UnitTest", "MedDir.UnitTest\MedDir.UnitTest.csproj", "{3541D4AE-70B3-49F3-AC6A-6CE1060E41F7}"
	ProjectSection(ProjectDependencies) = postProject
		{A36F9044-EA33-4FE9-ACBE-3AAF1B105A27} = {A36F9044-EA33-4FE9-ACBE-3AAF1B105A27}
	EndProjectSection
EndProject
Project("{9A19103F-16F7-4668-BE54-9A1E7A4F7556}") = "MedDir.Domain", "MedDir.Domain\MedDir.Domain.csproj", "{A36F9044-EA33-4FE9-ACBE-3AAF1B105A27}"
EndProject
Global
	GlobalSection(SolutionConfigurationPlatforms) = preSolution
		Debug|Any CPU = Debug|Any CPU
		Release|Any CPU = Release|Any CPU
	EndGlobalSection
	GlobalSection(ProjectConfigurationPlatforms) = postSolution
		{A36032A3-847D-4A01-8E45-9F4684D6D72E}.Debug|Any CPU.ActiveCfg = Debug|Any CPU
		{A36032A3-847D-4A01-8E45-9F4684D6D72E}.Debug|Any CPU.Build.0 = Debug|Any CPU
		{A36032A3-847D-4A01-8E45-9F4684D6D72E}.Release|Any CPU.ActiveCfg = Release|Any CPU
		{A36032A3-847D-4A01-8E45-9F4684D6D72E}.Release|Any CPU.Build.0 = Release|Any CPU
		{3541D4AE-70B3-49F3-AC6A-6CE1060E41F7}.Debug|Any CPU.ActiveCfg = Debug|Any CPU
		{3541D4AE-70B3-49F3-AC6A-6CE1060E41F7}.Debug|Any CPU.Build.0 = Debug|Any CPU
		{3541D4AE-70B3-49F3-AC6A-6CE1060E41F7}.Release|Any CPU.ActiveCfg = Release|Any CPU
		{3541D4AE-70B3-49F3-AC6A-6CE1060E41F7}.Release|Any CPU.Build.0 = Release|Any CPU
		{A36F9044-EA33-4FE9-ACBE-3AAF1B105A27}.Debug|Any CPU.ActiveCfg = Debug|Any CPU
		{A36F9044-EA33-4FE9-ACBE-3AAF1B105A27}.Debug|Any CPU.Build.0 = Debug|Any CPU
		{A36F9044-EA33-4FE9-ACBE-3AAF1B105A27}.Release|Any CPU.ActiveCfg = Release|Any CPU
		{A36F9044-EA33-4FE9-ACBE-3AAF1B105A27}.Release|Any CPU.Build.0 = Release|Any CPU
	EndGlobalSection
	GlobalSection(SolutionProperties) = preSolution
		HideSolutionNode = FALSE
	EndGlobalSection
	GlobalSection(ExtensibilityGlobals) = postSolution
		SolutionGuid = {D8C1ED4B-6BA4-49AD-96C0-22B3A95BF2FF}
	EndGlobalSection
EndGlobal
